
Microsoft Visual Studio Solution File, Format Version 12.00
# Visual Studio Version 17
VisualStudioVersion = 17.0.31903.59
MinimumVisualStudioVersion = 10.0.40219.1
Project("{2150E333-8FDC-42A3-9474-1A3956D46DE8}") = "xyz.Core", "xyz.Core", "{A1000001-0000-0000-0000-000000000001}"
EndProject
Project("{2150E333-8FDC-42A3-9474-1A3956D46DE8}") = "Client", "Client", "{A1000001-0000-0000-0000-000000000002}"
EndProject
Project("{2150E333-8FDC-42A3-9474-1A3956D46DE8}") = "Common", "Common", "{A1000001-0000-0000-0000-000000000003}"
EndProject
Project("{2150E333-8FDC-42A3-9474-1A3956D46DE8}") = "Shared", "Shared", "{A1000001-0000-0000-0000-000000000004}"
EndProject
Project("{2150E333-8FDC-42A3-9474-1A3956D46DE8}") = "Service", "Service", "{A1000001-0000-0000-0000-000000000005}"
EndProject
Project("{2150E333-8FDC-42A3-9474-1A3956D46DE8}") = "xyz.35021", "xyz.35021", "{A1000001-0000-0000-0000-000000000006}"
EndProject
Project("{2150E333-8FDC-42A3-9474-1A3956D46DE8}") = "Client", "Client", "{A1000001-0000-0000-0000-000000000007}"
EndProject
Project("{2150E333-8FDC-42A3-9474-1A3956D46DE8}") = "Service", "Service", "{A1000001-0000-0000-0000-000000000008}"
EndProject
Project("{2150E333-8FDC-42A3-9474-1A3956D46DE8}") = "Shared", "Shared", "{A1000001-0000-0000-0000-000000000009}"
EndProject
Project("{FAE04EC0-301F-11D3-BF4B-00C04F79EFBC}") = "xyz.Client", "xyz.Core\Client\xyz.Client\xyz.Client.csproj", "{26808D77-208A-4087-9B65-C859E01C0904}"
EndProject
Project("{FAE04EC0-301F-11D3-BF4B-00C04F79EFBC}") = "xyz.Client.DataModels", "xyz.Core\Client\Common\xyz.Client.DataModels\xyz.Client.DataModels.csproj", "{1F9BE20A-EB43-42CA-AADE-B5B39B6542B4}"
EndProject
Project("{FAE04EC0-301F-11D3-BF4B-00C04F79EFBC}") = "xyz.Client.Presentation", "xyz.Core\Client\Common\xyz.Client.Presentation\xyz.Client.Presentation.csproj", "{F25A5800-E252-4242-8677-5FE0A0C0C818}"
EndProject
Project("{FAE04EC0-301F-11D3-BF4B-00C04F79EFBC}") = "xyz.Client.Modules", "xyz.Core\Client\Common\xyz.Client.Modules\xyz.Client.Modules.csproj", "{B3A1C9E4-5D2F-4A7B-9E31-2C7F8A0D6415}"
EndProject
Project("{FAE04EC0-301F-11D3-BF4B-00C04F79EFBC}") = "xyz.Client.Common", "xyz.Core\Client\Common\xyz.Client.Common\xyz.Client.Common.csproj", "{C4E7A1B2-3D5F-4E8A-9B62-1F0C8D7E5A34}"
EndProject
Project("{FAE04EC0-301F-11D3-BF4B-00C04F79EFBC}") = "xyz.Client.Setting", "xyz.Core\Client\xyz.Client.Setting\xyz.Client.Setting.csproj", "{A7007955-B67A-42CE-AAD0-B57EE78F05C8}"
EndProject
Project("{FAE04EC0-301F-11D3-BF4B-00C04F79EFBC}") = "xyz.Client.Io", "xyz.Core\Client\xyz.Client.Io\xyz.Client.Io.csproj", "{FF3AE694-FD30-488D-B03E-FEBBD7CA5866}"
EndProject
Project("{FAE04EC0-301F-11D3-BF4B-00C04F79EFBC}") = "xyz.Client.Alarm", "xyz.Core\Client\xyz.Client.Alarm\xyz.Client.Alarm.csproj", "{E5E9717A-1F1A-4B0C-B29E-8B1F58AF33E8}"
EndProject
Project("{FAE04EC0-301F-11D3-BF4B-00C04F79EFBC}") = "xyz.Client.Recipe", "xyz.Core\Client\xyz.Client.Recipe\xyz.Client.Recipe.csproj", "{10652ED9-626B-476D-B175-D9379F1E6BD9}"
EndProject
Project("{FAE04EC0-301F-11D3-BF4B-00C04F79EFBC}") = "xyz.Client.DataCenter", "xyz.Core\Client\xyz.Client.DataCenter\xyz.Client.DataCenter.csproj", "{54E3874A-12D6-438E-8901-E9E9AD720A04}"
EndProject
Project("{FAE04EC0-301F-11D3-BF4B-00C04F79EFBC}") = "xyz.Client.Manual", "xyz.Core\Client\xyz.Client.Manual\xyz.Client.Manual.csproj", "{02D42315-311D-4090-85EE-9027597ECEF8}"
EndProject
Project("{FAE04EC0-301F-11D3-BF4B-00C04F79EFBC}") = "xyz.Shared", "xyz.Core\Shared\xyz.Shared\xyz.Shared.csproj", "{6A2C50CB-F9BB-465E-B665-28D1956A85BC}"
EndProject
Project("{FAE04EC0-301F-11D3-BF4B-00C04F79EFBC}") = "xyz.Tools", "xyz.Core\Shared\xyz.Tools\xyz.Tools.csproj", "{31B29DEC-9CB7-4DE3-9B36-B52193B88480}"
EndProject
Project("{FAE04EC0-301F-11D3-BF4B-00C04F79EFBC}") = "xyz.GrpcHost", "xyz.Core\Service\xyz.GrpcHost\xyz.GrpcHost.csproj", "{103633DA-0157-4B90-9F70-582A4F7759DF}"
EndProject
Project("{FAE04EC0-301F-11D3-BF4B-00C04F79EFBC}") = "xyz.Common", "xyz.Core\Service\xyz.Common\xyz.Common.csproj", "{A91898C1-D3B9-47E8-B7E2-5E9BE7A0777F}"
EndProject
Project("{FAE04EC0-301F-11D3-BF4B-00C04F79EFBC}") = "xyz.Components", "xyz.Core\Service\xyz.Components\xyz.Components.csproj", "{0102B585-5A5D-4952-BC4D-1D7B73B017D5}"
EndProject
Project("{FAE04EC0-301F-11D3-BF4B-00C04F79EFBC}") = "xyz.Configs", "xyz.Core\Service\xyz.Configs\xyz.Configs.csproj", "{01BD1FEA-5D54-46DF-BD0C-A4D8207DFE0A}"
EndProject
Project("{FAE04EC0-301F-11D3-BF4B-00C04F79EFBC}") = "xyz.Database", "xyz.Core\Service\xyz.Database\xyz.Database.csproj", "{66C26B70-F489-4D1D-9A0B-ED137F51D851}"
EndProject
Project("{FAE04EC0-301F-11D3-BF4B-00C04F79EFBC}") = "xyz.Modules", "xyz.Core\Service\xyz.Modules\xyz.Modules.csproj", "{DDF4C918-6311-4CF2-8F20-9219476C1C75}"
EndProject
Project("{FAE04EC0-301F-11D3-BF4B-00C04F79EFBC}") = "xyz.Drivers", "xyz.Core\Service\xyz.Drivers\xyz.Drivers.csproj", "{07A3B7FA-4130-4951-A2F7-BB604CD9F469}"
EndProject
Project("{FAE04EC0-301F-11D3-BF4B-00C04F79EFBC}") = "xyz.Service", "xyz.Core\Service\xyz.Service\xyz.Service.csproj", "{5B75E604-7E62-4062-8020-C991459CA91B}"
EndProject
Project("{FAE04EC0-301F-11D3-BF4B-00C04F79EFBC}") = "xyz.35021.Client", "xyz.35021\Client\xyz.35021.Client.csproj", "{65377AFC-E113-400E-8C2F-ADE399737B76}"
EndProject
Project("{FAE04EC0-301F-11D3-BF4B-00C04F79EFBC}") = "xyz.35021.Client.Manual", "xyz.35021\Client\Manual\xyz.35021.Client.Manual.csproj", "{D5F2B3C4-6E7A-4B8C-9D01-2E3F4A5B6C7D}"
EndProject
Project("{FAE04EC0-301F-11D3-BF4B-00C04F79EFBC}") = "xyz.35021.Service", "xyz.35021\Service\xyz.35021.Service.csproj", "{76B13124-CB2C-4220-9CF8-6E3A1BED1151}"
EndProject
Project("{FAE04EC0-301F-11D3-BF4B-00C04F79EFBC}") = "xyz.35021.Module", "xyz.35021\Service\xyz.35021.Module\xyz.35021.Module.csproj", "{BA58114F-A357-42ED-A987-B3A955A8D5F2}"
EndProject
Project("{FAE04EC0-301F-11D3-BF4B-00C04F79EFBC}") = "xyz.35021.Shared", "xyz.35021\Shared\xyz.35021.Shared.csproj", "{329067A8-651B-425D-878F-C368A5AF2610}"
EndProject
Project("{2150E333-8FDC-42A3-9474-1A3956D46DE8}") = "tools", "tools", "{07C2787E-EAC7-C090-1BA3-A61EC2A24D84}"
EndProject
Project("{FAE04EC0-301F-11D3-BF4B-00C04F79EFBC}") = "OperationWaitSmoke", "tools\OperationWaitSmoke\OperationWaitSmoke.csproj", "{48C2E9EC-0DF1-41B1-900C-F1697A24D1EF}"
EndProject
Project("{FAE04EC0-301F-11D3-BF4B-00C04F79EFBC}") = "LogPipelineSmoke", "tools\LogPipelineSmoke\LogPipelineSmoke.csproj", "{9F5223E2-37BF-432E-8BB1-E8BEAAF3497F}"
EndProject
Project("{FAE04EC0-301F-11D3-BF4B-00C04F79EFBC}") = "EventBusSmoke", "tools\EventBusSmoke\EventBusSmoke.csproj", "{A24069EF-29BF-444C-A999-0B70256473BE}"
EndProject
Global
	GlobalSection(SolutionConfigurationPlatforms) = preSolution
		Debug|Any CPU = Debug|Any CPU
		Debug|x64 = Debug|x64
		Debug|x86 = Debug|x86
		Release|Any CPU = Release|Any CPU
		Release|x64 = Release|x64
		Release|x86 = Release|x86
	EndGlobalSection
	GlobalSection(ProjectConfigurationPlatforms) = postSolution
		{26808D77-208A-4087-9B65-C859E01C0904}.Debug|Any CPU.ActiveCfg = Debug|Any CPU
		{26808D77-208A-4087-9B65-C859E01C0904}.Debug|Any CPU.Build.0 = Debug|Any CPU
		{26808D77-208A-4087-9B65-C859E01C0904}.Debug|x64.ActiveCfg = Debug|Any CPU
		{26808D77-208A-4087-9B65-C859E01C0904}.Debug|x64.Build.0 = Debug|Any CPU
		{26808D77-208A-4087-9B65-C859E01C0904}.Debug|x86.ActiveCfg = Debug|Any CPU
		{26808D77-208A-4087-9B65-C859E01C0904}.Debug|x86.Build.0 = Debug|Any CPU
		{26808D77-208A-4087-9B65-C859E01C0904}.Release|Any CPU.ActiveCfg = Release|Any CPU
		{26808D77-208A-4087-9B65-C859E01C0904}.Release|Any CPU.Build.0 = Release|Any CPU
		{26808D77-208A-4087-9B65-C859E01C0904}.Release|x64.ActiveCfg = Release|Any CPU
		{26808D77-208A-4087-9B65-C859E01C0904}.Release|x64.Build.0 = Release|Any CPU
		{26808D77-208A-4087-9B65-C859E01C0904}.Release|x86.ActiveCfg = Release|Any CPU
		{26808D77-208A-4087-9B65-C859E01C0904}.Release|x86.Build.0 = Release|Any CPU
		{1F9BE20A-EB43-42CA-AADE-B5B39B6542B4}.Debug|Any CPU.ActiveCfg = Debug|Any CPU
		{1F9BE20A-EB43-42CA-AADE-B5B39B6542B4}.Debug|Any CPU.Build.0 = Debug|Any CPU
		{1F9BE20A-EB43-42CA-AADE-B5B39B6542B4}.Debug|x64.ActiveCfg = Debug|Any CPU
		{1F9BE20A-EB43-42CA-AADE-B5B39B6542B4}.Debug|x64.Build.0 = Debug|Any CPU
		{1F9BE20A-EB43-42CA-AADE-B5B39B6542B4}.Debug|x86.ActiveCfg = Debug|Any CPU
		{1F9BE20A-EB43-42CA-AADE-B5B39B6542B4}.Debug|x86.Build.0 = Debug|Any CPU
		{1F9BE20A-EB43-42CA-AADE-B5B39B6542B4}.Release|Any CPU.ActiveCfg = Release|Any CPU
		{1F9BE20A-EB43-42CA-AADE-B5B39B6542B4}.Release|Any CPU.Build.0 = Release|Any CPU
		{1F9BE20A-EB43-42CA-AADE-B5B39B6542B4}.Release|x64.ActiveCfg = Release|Any CPU
		{1F9BE20A-EB43-42CA-AADE-B5B39B6542B4}.Release|x64.Build.0 = Release|Any CPU
		{1F9BE20A-EB43-42CA-AADE-B5B39B6542B4}.Release|x86.ActiveCfg = Release|Any CPU
		{1F9BE20A-EB43-42CA-AADE-B5B39B6542B4}.Release|x86.Build.0 = Release|Any CPU
		{F25A5800-E252-4242-8677-5FE0A0C0C818}.Debug|Any CPU.ActiveCfg = Debug|Any CPU
		{F25A5800-E252-4242-8677-5FE0A0C0C818}.Debug|Any CPU.Build.0 = Debug|Any CPU
		{F25A5800-E252-4242-8677-5FE0A0C0C818}.Debug|x64.ActiveCfg = Debug|Any CPU
		{F25A5800-E252-4242-8677-5FE0A0C0C818}.Debug|x64.Build.0 = Debug|Any CPU
		{F25A5800-E252-4242-8677-5FE0A0C0C818}.Debug|x86.ActiveCfg = Debug|Any CPU
		{F25A5800-E252-4242-8677-5FE0A0C0C818}.Debug|x86.Build.0 = Debug|Any CPU
		{F25A5800-E252-4242-8677-5FE0A0C0C818}.Release|Any CPU.ActiveCfg = Release|Any CPU
		{F25A5800-E252-4242-8677-5FE0A0C0C818}.Release|Any CPU.Build.0 = Release|Any CPU
		{F25A5800-E252-4242-8677-5FE0A0C0C818}.Release|x64.ActiveCfg = Release|Any CPU
		{F25A5800-E252-4242-8677-5FE0A0C0C818}.Release|x64.Build.0 = Release|Any CPU
		{F25A5800-E252-4242-8677-5FE0A0C0C818}.Release|x86.ActiveCfg = Release|Any CPU
		{F25A5800-E252-4242-8677-5FE0A0C0C818}.Release|x86.Build.0 = Release|Any CPU
		{B3A1C9E4-5D2F-4A7B-9E31-2C7F8A0D6415}.Debug|Any CPU.ActiveCfg = Debug|Any CPU
		{B3A1C9E4-5D2F-4A7B-9E31-2C7F8A0D6415}.Debug|Any CPU.Build.0 = Debug|Any CPU
		{B3A1C9E4-5D2F-4A7B-9E31-2C7F8A0D6415}.Debug|x64.ActiveCfg = Debug|Any CPU
		{B3A1C9E4-5D2F-4A7B-9E31-2C7F8A0D6415}.Debug|x64.Build.0 = Debug|Any CPU
		{B3A1C9E4-5D2F-4A7B-9E31-2C7F8A0D6415}.Debug|x86.ActiveCfg = Debug|Any CPU
		{B3A1C9E4-5D2F-4A7B-9E31-2C7F8A0D6415}.Debug|x86.Build.0 = Debug|Any CPU
		{B3A1C9E4-5D2F-4A7B-9E31-2C7F8A0D6415}.Release|Any CPU.ActiveCfg = Release|Any CPU
		{B3A1C9E4-5D2F-4A7B-9E31-2C7F8A0D6415}.Release|Any CPU.Build.0 = Release|Any CPU
		{B3A1C9E4-5D2F-4A7B-9E31-2C7F8A0D6415}.Release|x64.ActiveCfg = Release|Any CPU
		{B3A1C9E4-5D2F-4A7B-9E31-2C7F8A0D6415}.Release|x64.Build.0 = Release|Any CPU
		{B3A1C9E4-5D2F-4A7B-9E31-2C7F8A0D6415}.Release|x86.ActiveCfg = Release|Any CPU
		{B3A1C9E4-5D2F-4A7B-9E31-2C7F8A0D6415}.Release|x86.Build.0 = Release|Any CPU
		{C4E7A1B2-3D5F-4E8A-9B62-1F0C8D7E5A34}.Debug|Any CPU.ActiveCfg = Debug|Any CPU
		{C4E7A1B2-3D5F-4E8A-9B62-1F0C8D7E5A34}.Debug|Any CPU.Build.0 = Debug|Any CPU
		{C4E7A1B2-3D5F-4E8A-9B62-1F0C8D7E5A34}.Debug|x64.ActiveCfg = Debug|Any CPU
		{C4E7A1B2-3D5F-4E8A-9B62-1F0C8D7E5A34}.Debug|x64.Build.0 = Debug|Any CPU
		{C4E7A1B2-3D5F-4E8A-9B62-1F0C8D7E5A34}.Debug|x86.ActiveCfg = Debug|Any CPU
		{C4E7A1B2-3D5F-4E8A-9B62-1F0C8D7E5A34}.Debug|x86.Build.0 = Debug|Any CPU
		{C4E7A1B2-3D5F-4E8A-9B62-1F0C8D7E5A34}.Release|Any CPU.ActiveCfg = Release|Any CPU
		{C4E7A1B2-3D5F-4E8A-9B62-1F0C8D7E5A34}.Release|Any CPU.Build.0 = Release|Any CPU
		{C4E7A1B2-3D5F-4E8A-9B62-1F0C8D7E5A34}.Release|x64.ActiveCfg = Release|Any CPU
		{C4E7A1B2-3D5F-4E8A-9B62-1F0C8D7E5A34}.Release|x64.Build.0 = Release|Any CPU
		{C4E7A1B2-3D5F-4E8A-9B62-1F0C8D7E5A34}.Release|x86.ActiveCfg = Release|Any CPU
		{C4E7A1B2-3D5F-4E8A-9B62-1F0C8D7E5A34}.Release|x86.Build.0 = Release|Any CPU
		{A7007955-B67A-42CE-AAD0-B57EE78F05C8}.Debug|Any CPU.ActiveCfg = Debug|Any CPU
		{A7007955-B67A-42CE-AAD0-B57EE78F05C8}.Debug|Any CPU.Build.0 = Debug|Any CPU
		{A7007955-B67A-42CE-AAD0-B57EE78F05C8}.Debug|x64.ActiveCfg = Debug|Any CPU
		{A7007955-B67A-42CE-AAD0-B57EE78F05C8}.Debug|x64.Build.0 = Debug|Any CPU
		{A7007955-B67A-42CE-AAD0-B57EE78F05C8}.Debug|x86.ActiveCfg = Debug|Any CPU
		{A7007955-B67A-42CE-AAD0-B57EE78F05C8}.Debug|x86.Build.0 = Debug|Any CPU
		{A7007955-B67A-42CE-AAD0-B57EE78F05C8}.Release|Any CPU.ActiveCfg = Release|Any CPU
		{A7007955-B67A-42CE-AAD0-B57EE78F05C8}.Release|Any CPU.Build.0 = Release|Any CPU
		{A7007955-B67A-42CE-AAD0-B57EE78F05C8}.Release|x64.ActiveCfg = Release|Any CPU
		{A7007955-B67A-42CE-AAD0-B57EE78F05C8}.Release|x64.Build.0 = Release|Any CPU
		{A7007955-B67A-42CE-AAD0-B57EE78F05C8}.Release|x86.ActiveCfg = Release|Any CPU
		{A7007955-B67A-42CE-AAD0-B57EE78F05C8}.Release|x86.Build.0 = Release|Any CPU
		{FF3AE694-FD30-488D-B03E-FEBBD7CA5866}.Debug|Any CPU.ActiveCfg = Debug|Any CPU
		{FF3AE694-FD30-488D-B03E-FEBBD7CA5866}.Debug|Any CPU.Build.0 = Debug|Any CPU
		{FF3AE694-FD30-488D-B03E-FEBBD7CA5866}.Debug|x64.ActiveCfg = Debug|Any CPU
		{FF3AE694-FD30-488D-B03E-FEBBD7CA5866}.Debug|x64.Build.0 = Debug|Any CPU
		{FF3AE694-FD30-488D-B03E-FEBBD7CA5866}.Debug|x86.ActiveCfg = Debug|Any CPU
		{FF3AE694-FD30-488D-B03E-FEBBD7CA5866}.Debug|x86.Build.0 = Debug|Any CPU
		{FF3AE694-FD30-488D-B03E-FEBBD7CA5866}.Release|Any CPU.ActiveCfg = Release|Any CPU
		{FF3AE694-FD30-488D-B03E-FEBBD7CA5866}.Release|Any CPU.Build.0 = Release|Any CPU
		{FF3AE694-FD30-488D-B03E-FEBBD7CA5866}.Release|x64.ActiveCfg = Release|Any CPU
		{FF3AE694-FD30-488D-B03E-FEBBD7CA5866}.Release|x64.Build.0 = Release|Any CPU
		{FF3AE694-FD30-488D-B03E-FEBBD7CA5866}.Release|x86.ActiveCfg = Release|Any CPU
		{FF3AE694-FD30-488D-B03E-FEBBD7CA5866}.Release|x86.Build.0 = Release|Any CPU
		{E5E9717A-1F1A-4B0C-B29E-8B1F58AF33E8}.Debug|Any CPU.ActiveCfg = Debug|Any CPU
		{E5E9717A-1F1A-4B0C-B29E-8B1F58AF33E8}.Debug|Any CPU.Build.0 = Debug|Any CPU
		{E5E9717A-1F1A-4B0C-B29E-8B1F58AF33E8}.Debug|x64.ActiveCfg = Debug|Any CPU
		{E5E9717A-1F1A-4B0C-B29E-8B1F58AF33E8}.Debug|x64.Build.0 = Debug|Any CPU
		{E5E9717A-1F1A-4B0C-B29E-8B1F58AF33E8}.Debug|x86.ActiveCfg = Debug|Any CPU
		{E5E9717A-1F1A-4B0C-B29E-8B1F58AF33E8}.Debug|x86.Build.0 = Debug|Any CPU
		{E5E9717A-1F1A-4B0C-B29E-8B1F58AF33E8}.Release|Any CPU.ActiveCfg = Release|Any CPU
		{E5E9717A-1F1A-4B0C-B29E-8B1F58AF33E8}.Release|Any CPU.Build.0 = Release|Any CPU
		{E5E9717A-1F1A-4B0C-B29E-8B1F58AF33E8}.Release|x64.ActiveCfg = Release|Any CPU
		{E5E9717A-1F1A-4B0C-B29E-8B1F58AF33E8}.Release|x64.Build.0 = Release|Any CPU
		{E5E9717A-1F1A-4B0C-B29E-8B1F58AF33E8}.Release|x86.ActiveCfg = Release|Any CPU
		{E5E9717A-1F1A-4B0C-B29E-8B1F58AF33E8}.Release|x86.Build.0 = Release|Any CPU
		{10652ED9-626B-476D-B175-D9379F1E6BD9}.Debug|Any CPU.ActiveCfg = Debug|Any CPU
		{10652ED9-626B-476D-B175-D9379F1E6BD9}.Debug|Any CPU.Build.0 = Debug|Any CPU
		{10652ED9-626B-476D-B175-D9379F1E6BD9}.Debug|x64.ActiveCfg = Debug|Any CPU
		{10652ED9-626B-476D-B175-D9379F1E6BD9}.Debug|x64.Build.0 = Debug|Any CPU
		{10652ED9-626B-476D-B175-D9379F1E6BD9}.Debug|x86.ActiveCfg = Debug|Any CPU
		{10652ED9-626B-476D-B175-D9379F1E6BD9}.Debug|x86.Build.0 = Debug|Any CPU
		{10652ED9-626B-476D-B175-D9379F1E6BD9}.Release|Any CPU.ActiveCfg = Release|Any CPU
		{10652ED9-626B-476D-B175-D9379F1E6BD9}.Release|Any CPU.Build.0 = Release|Any CPU
		{10652ED9-626B-476D-B175-D9379F1E6BD9}.Release|x64.ActiveCfg = Release|Any CPU
		{10652ED9-626B-476D-B175-D9379F1E6BD9}.Release|x64.Build.0 = Release|Any CPU
		{10652ED9-626B-476D-B175-D9379F1E6BD9}.Release|x86.ActiveCfg = Release|Any CPU
		{10652ED9-626B-476D-B175-D9379F1E6BD9}.Release|x86.Build.0 = Release|Any CPU
		{54E3874A-12D6-438E-8901-E9E9AD720A04}.Debug|Any CPU.ActiveCfg = Debug|Any CPU
		{54E3874A-12D6-438E-8901-E9E9AD720A04}.Debug|Any CPU.Build.0 = Debug|Any CPU
		{54E3874A-12D6-438E-8901-E9E9AD720A04}.Debug|x64.ActiveCfg = Debug|Any CPU
		{54E3874A-12D6-438E-8901-E9E9AD720A04}.Debug|x64.Build.0 = Debug|Any CPU
		{54E3874A-12D6-438E-8901-E9E9AD720A04}.Debug|x86.ActiveCfg = Debug|Any CPU
		{54E3874A-12D6-438E-8901-E9E9AD720A04}.Debug|x86.Build.0 = Debug|Any CPU
		{54E3874A-12D6-438E-8901-E9E9AD720A04}.Release|Any CPU.ActiveCfg = Release|Any CPU
		{54E3874A-12D6-438E-8901-E9E9AD720A04}.Release|Any CPU.Build.0 = Release|Any CPU
		{54E3874A-12D6-438E-8901-E9E9AD720A04}.Release|x64.ActiveCfg = Release|Any CPU
		{54E3874A-12D6-438E-8901-E9E9AD720A04}.Release|x64.Build.0 = Release|Any CPU
		{54E3874A-12D6-438E-8901-E9E9AD720A04}.Release|x86.ActiveCfg = Release|Any CPU
		{54E3874A-12D6-438E-8901-E9E9AD720A04}.Release|x86.Build.0 = Release|Any CPU
		{02D42315-311D-4090-85EE-9027597ECEF8}.Debug|Any CPU.ActiveCfg = Debug|Any CPU
		{02D42315-311D-4090-85EE-9027597ECEF8}.Debug|Any CPU.Build.0 = Debug|Any CPU
		{02D42315-311D-4090-85EE-9027597ECEF8}.Debug|x64.ActiveCfg = Debug|Any CPU
		{02D42315-311D-4090-85EE-9027597ECEF8}.Debug|x64.Build.0 = Debug|Any CPU
		{02D42315-311D-4090-85EE-9027597ECEF8}.Debug|x86.ActiveCfg = Debug|Any CPU
		{02D42315-311D-4090-85EE-9027597ECEF8}.Debug|x86.Build.0 = Debug|Any CPU
		{02D42315-311D-4090-85EE-9027597ECEF8}.Release|Any CPU.ActiveCfg = Release|Any CPU
		{02D42315-311D-4090-85EE-9027597ECEF8}.Release|Any CPU.Build.0 = Release|Any CPU
		{02D42315-311D-4090-85EE-9027597ECEF8}.Release|x64.ActiveCfg = Release|Any CPU
		{02D42315-311D-4090-85EE-9027597ECEF8}.Release|x64.Build.0 = Release|Any CPU
		{02D42315-311D-4090-85EE-9027597ECEF8}.Release|x86.ActiveCfg = Release|Any CPU
		{02D42315-311D-4090-85EE-9027597ECEF8}.Release|x86.Build.0 = Release|Any CPU
		{6A2C50CB-F9BB-465E-B665-28D1956A85BC}.Debug|Any CPU.ActiveCfg = Debug|Any CPU
		{6A2C50CB-F9BB-465E-B665-28D1956A85BC}.Debug|Any CPU.Build.0 = Debug|Any CPU
		{6A2C50CB-F9BB-465E-B665-28D1956A85BC}.Debug|x64.ActiveCfg = Debug|Any CPU
		{6A2C50CB-F9BB-465E-B665-28D1956A85BC}.Debug|x64.Build.0 = Debug|Any CPU
		{6A2C50CB-F9BB-465E-B665-28D1956A85BC}.Debug|x86.ActiveCfg = Debug|Any CPU
		{6A2C50CB-F9BB-465E-B665-28D1956A85BC}.Debug|x86.Build.0 = Debug|Any CPU
		{6A2C50CB-F9BB-465E-B665-28D1956A85BC}.Release|Any CPU.ActiveCfg = Release|Any CPU
		{6A2C50CB-F9BB-465E-B665-28D1956A85BC}.Release|Any CPU.Build.0 = Release|Any CPU
		{6A2C50CB-F9BB-465E-B665-28D1956A85BC}.Release|x64.ActiveCfg = Release|Any CPU
		{6A2C50CB-F9BB-465E-B665-28D1956A85BC}.Release|x64.Build.0 = Release|Any CPU
		{6A2C50CB-F9BB-465E-B665-28D1956A85BC}.Release|x86.ActiveCfg = Release|Any CPU
		{6A2C50CB-F9BB-465E-B665-28D1956A85BC}.Release|x86.Build.0 = Release|Any CPU
		{31B29DEC-9CB7-4DE3-9B36-B52193B88480}.Debug|Any CPU.ActiveCfg = Debug|Any CPU
		{31B29DEC-9CB7-4DE3-9B36-B52193B88480}.Debug|Any CPU.Build.0 = Debug|Any CPU
		{31B29DEC-9CB7-4DE3-9B36-B52193B88480}.Debug|x64.ActiveCfg = Debug|Any CPU
		{31B29DEC-9CB7-4DE3-9B36-B52193B88480}.Debug|x64.Build.0 = Debug|Any CPU
		{31B29DEC-9CB7-4DE3-9B36-B52193B88480}.Debug|x86.ActiveCfg = Debug|Any CPU
		{31B29DEC-9CB7-4DE3-9B36-B52193B88480}.Debug|x86.Build.0 = Debug|Any CPU
		{31B29DEC-9CB7-4DE3-9B36-B52193B88480}.Release|Any CPU.ActiveCfg = Release|Any CPU
		{31B29DEC-9CB7-4DE3-9B36-B52193B88480}.Release|Any CPU.Build.0 = Release|Any CPU
		{31B29DEC-9CB7-4DE3-9B36-B52193B88480}.Release|x64.ActiveCfg = Release|Any CPU
		{31B29DEC-9CB7-4DE3-9B36-B52193B88480}.Release|x64.Build.0 = Release|Any CPU
		{31B29DEC-9CB7-4DE3-9B36-B52193B88480}.Release|x86.ActiveCfg = Release|Any CPU
		{31B29DEC-9CB7-4DE3-9B36-B52193B88480}.Release|x86.Build.0 = Release|Any CPU
		{103633DA-0157-4B90-9F70-582A4F7759DF}.Debug|Any CPU.ActiveCfg = Debug|Any CPU
		{103633DA-0157-4B90-9F70-582A4F7759DF}.Debug|Any CPU.Build.0 = Debug|Any CPU
		{103633DA-0157-4B90-9F70-582A4F7759DF}.Debug|x64.ActiveCfg = Debug|Any CPU
		{103633DA-0157-4B90-9F70-582A4F7759DF}.Debug|x64.Build.0 = Debug|Any CPU
		{103633DA-0157-4B90-9F70-582A4F7759DF}.Debug|x86.ActiveCfg = Debug|Any CPU
		{103633DA-0157-4B90-9F70-582A4F7759DF}.Debug|x86.Build.0 = Debug|Any CPU
		{103633DA-0157-4B90-9F70-582A4F7759DF}.Release|Any CPU.ActiveCfg = Release|Any CPU
		{103633DA-0157-4B90-9F70-582A4F7759DF}.Release|Any CPU.Build.0 = Release|Any CPU
		{103633DA-0157-4B90-9F70-582A4F7759DF}.Release|x64.ActiveCfg = Release|Any CPU
		{103633DA-0157-4B90-9F70-582A4F7759DF}.Release|x64.Build.0 = Release|Any CPU
		{103633DA-0157-4B90-9F70-582A4F7759DF}.Release|x86.ActiveCfg = Release|Any CPU
		{103633DA-0157-4B90-9F70-582A4F7759DF}.Release|x86.Build.0 = Release|Any CPU
		{A91898C1-D3B9-47E8-B7E2-5E9BE7A0777F}.Debug|Any CPU.ActiveCfg = Debug|Any CPU
		{A91898C1-D3B9-47E8-B7E2-5E9BE7A0777F}.Debug|Any CPU.Build.0 = Debug|Any CPU
		{A91898C1-D3B9-47E8-B7E2-5E9BE7A0777F}.Debug|x64.ActiveCfg = Debug|Any CPU
		{A91898C1-D3B9-47E8-B7E2-5E9BE7A0777F}.Debug|x64.Build.0 = Debug|Any CPU
		{A91898C1-D3B9-47E8-B7E2-5E9BE7A0777F}.Debug|x86.ActiveCfg = Debug|Any CPU
		{A91898C1-D3B9-47E8-B7E2-5E9BE7A0777F}.Debug|x86.Build.0 = Debug|Any CPU
		{A91898C1-D3B9-47E8-B7E2-5E9BE7A0777F}.Release|Any CPU.ActiveCfg = Release|Any CPU
		{A91898C1-D3B9-47E8-B7E2-5E9BE7A0777F}.Release|Any CPU.Build.0 = Release|Any CPU
		{A91898C1-D3B9-47E8-B7E2-5E9BE7A0777F}.Release|x64.ActiveCfg = Release|Any CPU
		{A91898C1-D3B9-47E8-B7E2-5E9BE7A0777F}.Release|x64.Build.0 = Release|Any CPU
		{A91898C1-D3B9-47E8-B7E2-5E9BE7A0777F}.Release|x86.ActiveCfg = Release|Any CPU
		{A91898C1-D3B9-47E8-B7E2-5E9BE7A0777F}.Release|x86.Build.0 = Release|Any CPU
		{0102B585-5A5D-4952-BC4D-1D7B73B017D5}.Debug|Any CPU.ActiveCfg = Debug|Any CPU
		{0102B585-5A5D-4952-BC4D-1D7B73B017D5}.Debug|Any CPU.Build.0 = Debug|Any CPU
		{0102B585-5A5D-4952-BC4D-1D7B73B017D5}.Debug|x64.ActiveCfg = Debug|Any CPU
		{0102B585-5A5D-4952-BC4D-1D7B73B017D5}.Debug|x64.Build.0 = Debug|Any CPU
		{0102B585-5A5D-4952-BC4D-1D7B73B017D5}.Debug|x86.ActiveCfg = Debug|Any CPU
		{0102B585-5A5D-4952-BC4D-1D7B73B017D5}.Debug|x86.Build.0 = Debug|Any CPU
		{0102B585-5A5D-4952-BC4D-1D7B73B017D5}.Release|Any CPU.ActiveCfg = Release|Any CPU
		{0102B585-5A5D-4952-BC4D-1D7B73B017D5}.Release|Any CPU.Build.0 = Release|Any CPU
		{0102B585-5A5D-4952-BC4D-1D7B73B017D5}.Release|x64.ActiveCfg = Release|Any CPU
		{0102B585-5A5D-4952-BC4D-1D7B73B017D5}.Release|x64.Build.0 = Release|Any CPU
		{0102B585-5A5D-4952-BC4D-1D7B73B017D5}.Release|x86.ActiveCfg = Release|Any CPU
		{0102B585-5A5D-4952-BC4D-1D7B73B017D5}.Release|x86.Build.0 = Release|Any CPU
		{01BD1FEA-5D54-46DF-BD0C-A4D8207DFE0A}.Debug|Any CPU.ActiveCfg = Debug|Any CPU
		{01BD1FEA-5D54-46DF-BD0C-A4D8207DFE0A}.Debug|Any CPU.Build.0 = Debug|Any CPU
		{01BD1FEA-5D54-46DF-BD0C-A4D8207DFE0A}.Debug|x64.ActiveCfg = Debug|Any CPU
		{01BD1FEA-5D54-46DF-BD0C-A4D8207DFE0A}.Debug|x64.Build.0 = Debug|Any CPU
		{01BD1FEA-5D54-46DF-BD0C-A4D8207DFE0A}.Debug|x86.ActiveCfg = Debug|Any CPU
		{01BD1FEA-5D54-46DF-BD0C-A4D8207DFE0A}.Debug|x86.Build.0 = Debug|Any CPU
		{01BD1FEA-5D54-46DF-BD0C-A4D8207DFE0A}.Release|Any CPU.ActiveCfg = Release|Any CPU
		{01BD1FEA-5D54-46DF-BD0C-A4D8207DFE0A}.Release|Any CPU.Build.0 = Release|Any CPU
		{01BD1FEA-5D54-46DF-BD0C-A4D8207DFE0A}.Release|x64.ActiveCfg = Release|Any CPU
		{01BD1FEA-5D54-46DF-BD0C-A4D8207DFE0A}.Release|x64.Build.0 = Release|Any CPU
		{01BD1FEA-5D54-46DF-BD0C-A4D8207DFE0A}.Release|x86.ActiveCfg = Release|Any CPU
		{01BD1FEA-5D54-46DF-BD0C-A4D8207DFE0A}.Release|x86.Build.0 = Release|Any CPU
		{66C26B70-F489-4D1D-9A0B-ED137F51D851}.Debug|Any CPU.ActiveCfg = Debug|Any CPU
		{66C26B70-F489-4D1D-9A0B-ED137F51D851}.Debug|Any CPU.Build.0 = Debug|Any CPU
		{66C26B70-F489-4D1D-9A0B-ED137F51D851}.Debug|x64.ActiveCfg = Debug|Any CPU
		{66C26B70-F489-4D1D-9A0B-ED137F51D851}.Debug|x64.Build.0 = Debug|Any CPU
		{66C26B70-F489-4D1D-9A0B-ED137F51D851}.Debug|x86.ActiveCfg = Debug|Any CPU
		{66C26B70-F489-4D1D-9A0B-ED137F51D851}.Debug|x86.Build.0 = Debug|Any CPU
		{66C26B70-F489-4D1D-9A0B-ED137F51D851}.Release|Any CPU.ActiveCfg = Release|Any CPU
		{66C26B70-F489-4D1D-9A0B-ED137F51D851}.Release|Any CPU.Build.0 = Release|Any CPU
		{66C26B70-F489-4D1D-9A0B-ED137F51D851}.Release|x64.ActiveCfg = Release|Any CPU
		{66C26B70-F489-4D1D-9A0B-ED137F51D851}.Release|x64.Build.0 = Release|Any CPU
		{66C26B70-F489-4D1D-9A0B-ED137F51D851}.Release|x86.ActiveCfg = Release|Any CPU
		{66C26B70-F489-4D1D-9A0B-ED137F51D851}.Release|x86.Build.0 = Release|Any CPU
		{DDF4C918-6311-4CF2-8F20-9219476C1C75}.Debug|Any CPU.ActiveCfg = Debug|Any CPU
		{DDF4C918-6311-4CF2-8F20-9219476C1C75}.Debug|Any CPU.Build.0 = Debug|Any CPU
		{DDF4C918-6311-4CF2-8F20-9219476C1C75}.Debug|x64.ActiveCfg = Debug|Any CPU
		{DDF4C918-6311-4CF2-8F20-9219476C1C75}.Debug|x64.Build.0 = Debug|Any CPU
		{DDF4C918-6311-4CF2-8F20-9219476C1C75}.Debug|x86.ActiveCfg = Debug|Any CPU
		{DDF4C918-6311-4CF2-8F20-9219476C1C75}.Debug|x86.Build.0 = Debug|Any CPU
		{DDF4C918-6311-4CF2-8F20-9219476C1C75}.Release|Any CPU.ActiveCfg = Release|Any CPU
		{DDF4C918-6311-4CF2-8F20-9219476C1C75}.Release|Any CPU.Build.0 = Release|Any CPU
		{DDF4C918-6311-4CF2-8F20-9219476C1C75}.Release|x64.ActiveCfg = Release|Any CPU
		{DDF4C918-6311-4CF2-8F20-9219476C1C75}.Release|x64.Build.0 = Release|Any CPU
		{DDF4C918-6311-4CF2-8F20-9219476C1C75}.Release|x86.ActiveCfg = Release|Any CPU
		{DDF4C918-6311-4CF2-8F20-9219476C1C75}.Release|x86.Build.0 = Release|Any CPU
		{07A3B7FA-4130-4951-A2F7-BB604CD9F469}.Debug|Any CPU.ActiveCfg = Debug|Any CPU
		{07A3B7FA-4130-4951-A2F7-BB604CD9F469}.Debug|Any CPU.Build.0 = Debug|Any CPU
		{07A3B7FA-4130-4951-A2F7-BB604CD9F469}.Debug|x64.ActiveCfg = Debug|Any CPU
		{07A3B7FA-4130-4951-A2F7-BB604CD9F469}.Debug|x64.Build.0 = Debug|Any CPU
		{07A3B7FA-4130-4951-A2F7-BB604CD9F469}.Debug|x86.ActiveCfg = Debug|Any CPU
		{07A3B7FA-4130-4951-A2F7-BB604CD9F469}.Debug|x86.Build.0 = Debug|Any CPU
		{07A3B7FA-4130-4951-A2F7-BB604CD9F469}.Release|Any CPU.ActiveCfg = Release|Any CPU
		{07A3B7FA-4130-4951-A2F7-BB604CD9F469}.Release|Any CPU.Build.0 = Release|Any CPU
		{07A3B7FA-4130-4951-A2F7-BB604CD9F469}.Release|x64.ActiveCfg = Release|Any CPU
		{07A3B7FA-4130-4951-A2F7-BB604CD9F469}.Release|x64.Build.0 = Release|Any CPU
		{07A3B7FA-4130-4951-A2F7-BB604CD9F469}.Release|x86.ActiveCfg = Release|Any CPU
		{07A3B7FA-4130-4951-A2F7-BB604CD9F469}.Release|x86.Build.0 = Release|Any CPU
		{5B75E604-7E62-4062-8020-C991459CA91B}.Debug|Any CPU.ActiveCfg = Debug|Any CPU
		{5B75E604-7E62-4062-8020-C991459CA91B}.Debug|Any CPU.Build.0 = Debug|Any CPU
		{5B75E604-7E62-4062-8020-C991459CA91B}.Debug|x64.ActiveCfg = Debug|Any CPU
		{5B75E604-7E62-4062-8020-C991459CA91B}.Debug|x64.Build.0 = Debug|Any CPU
		{5B75E604-7E62-4062-8020-C991459CA91B}.Debug|x86.ActiveCfg = Debug|Any CPU
		{5B75E604-7E62-4062-8020-C991459CA91B}.Debug|x86.Build.0 = Debug|Any CPU
		{5B75E604-7E62-4062-8020-C991459CA91B}.Release|Any CPU.ActiveCfg = Release|Any CPU
		{5B75E604-7E62-4062-8020-C991459CA91B}.Release|Any CPU.Build.0 = Release|Any CPU
		{5B75E604-7E62-4062-8020-C991459CA91B}.Release|x64.ActiveCfg = Release|Any CPU
		{5B75E604-7E62-4062-8020-C991459CA91B}.Release|x64.Build.0 = Release|Any CPU
		{5B75E604-7E62-4062-8020-C991459CA91B}.Release|x86.ActiveCfg = Release|Any CPU
		{5B75E604-7E62-4062-8020-C991459CA91B}.Release|x86.Build.0 = Release|Any CPU
		{65377AFC-E113-400E-8C2F-ADE399737B76}.Debug|Any CPU.ActiveCfg = Debug|Any CPU
		{65377AFC-E113-400E-8C2F-ADE399737B76}.Debug|Any CPU.Build.0 = Debug|Any CPU
		{65377AFC-E113-400E-8C2F-ADE399737B76}.Debug|x64.ActiveCfg = Debug|Any CPU
		{65377AFC-E113-400E-8C2F-ADE399737B76}.Debug|x64.Build.0 = Debug|Any CPU
		{65377AFC-E113-400E-8C2F-ADE399737B76}.Debug|x86.ActiveCfg = Debug|Any CPU
		{65377AFC-E113-400E-8C2F-ADE399737B76}.Debug|x86.Build.0 = Debug|Any CPU
		{65377AFC-E113-400E-8C2F-ADE399737B76}.Release|Any CPU.ActiveCfg = Release|Any CPU
		{65377AFC-E113-400E-8C2F-ADE399737B76}.Release|Any CPU.Build.0 = Release|Any CPU
		{65377AFC-E113-400E-8C2F-ADE399737B76}.Release|x64.ActiveCfg = Release|Any CPU
		{65377AFC-E113-400E-8C2F-ADE399737B76}.Release|x64.Build.0 = Release|Any CPU
		{65377AFC-E113-400E-8C2F-ADE399737B76}.Release|x86.ActiveCfg = Release|Any CPU
		{65377AFC-E113-400E-8C2F-ADE399737B76}.Release|x86.Build.0 = Release|Any CPU
		{D5F2B3C4-6E7A-4B8C-9D01-2E3F4A5B6C7D}.Debug|Any CPU.ActiveCfg = Debug|Any CPU
		{D5F2B3C4-6E7A-4B8C-9D01-2E3F4A5B6C7D}.Debug|Any CPU.Build.0 = Debug|Any CPU
		{D5F2B3C4-6E7A-4B8C-9D01-2E3F4A5B6C7D}.Debug|x64.ActiveCfg = Debug|Any CPU
		{D5F2B3C4-6E7A-4B8C-9D01-2E3F4A5B6C7D}.Debug|x64.Build.0 = Debug|Any CPU
		{D5F2B3C4-6E7A-4B8C-9D01-2E3F4A5B6C7D}.Debug|x86.ActiveCfg = Debug|Any CPU
		{D5F2B3C4-6E7A-4B8C-9D01-2E3F4A5B6C7D}.Debug|x86.Build.0 = Debug|Any CPU
		{D5F2B3C4-6E7A-4B8C-9D01-2E3F4A5B6C7D}.Release|Any CPU.ActiveCfg = Release|Any CPU
		{D5F2B3C4-6E7A-4B8C-9D01-2E3F4A5B6C7D}.Release|Any CPU.Build.0 = Release|Any CPU
		{D5F2B3C4-6E7A-4B8C-9D01-2E3F4A5B6C7D}.Release|x64.ActiveCfg = Release|Any CPU
		{D5F2B3C4-6E7A-4B8C-9D01-2E3F4A5B6C7D}.Release|x64.Build.0 = Release|Any CPU
		{D5F2B3C4-6E7A-4B8C-9D01-2E3F4A5B6C7D}.Release|x86.ActiveCfg = Release|Any CPU
		{D5F2B3C4-6E7A-4B8C-9D01-2E3F4A5B6C7D}.Release|x86.Build.0 = Release|Any CPU
		{76B13124-CB2C-4220-9CF8-6E3A1BED1151}.Debug|Any CPU.ActiveCfg = Debug|Any CPU
		{76B13124-CB2C-4220-9CF8-6E3A1BED1151}.Debug|Any CPU.Build.0 = Debug|Any CPU
		{76B13124-CB2C-4220-9CF8-6E3A1BED1151}.Debug|x64.ActiveCfg = Debug|Any CPU
		{76B13124-CB2C-4220-9CF8-6E3A1BED1151}.Debug|x64.Build.0 = Debug|Any CPU
		{76B13124-CB2C-4220-9CF8-6E3A1BED1151}.Debug|x86.ActiveCfg = Debug|Any CPU
		{76B13124-CB2C-4220-9CF8-6E3A1BED1151}.Debug|x86.Build.0 = Debug|Any CPU
		{76B13124-CB2C-4220-9CF8-6E3A1BED1151}.Release|Any CPU.ActiveCfg = Release|Any CPU
		{76B13124-CB2C-4220-9CF8-6E3A1BED1151}.Release|Any CPU.Build.0 = Release|Any CPU
		{76B13124-CB2C-4220-9CF8-6E3A1BED1151}.Release|x64.ActiveCfg = Release|Any CPU
		{76B13124-CB2C-4220-9CF8-6E3A1BED1151}.Release|x64.Build.0 = Release|Any CPU
		{76B13124-CB2C-4220-9CF8-6E3A1BED1151}.Release|x86.ActiveCfg = Release|Any CPU
		{76B13124-CB2C-4220-9CF8-6E3A1BED1151}.Release|x86.Build.0 = Release|Any CPU
		{BA58114F-A357-42ED-A987-B3A955A8D5F2}.Debug|Any CPU.ActiveCfg = Debug|Any CPU
		{BA58114F-A357-42ED-A987-B3A955A8D5F2}.Debug|Any CPU.Build.0 = Debug|Any CPU
		{BA58114F-A357-42ED-A987-B3A955A8D5F2}.Debug|x64.ActiveCfg = Debug|Any CPU
		{BA58114F-A357-42ED-A987-B3A955A8D5F2}.Debug|x64.Build.0 = Debug|Any CPU
		{BA58114F-A357-42ED-A987-B3A955A8D5F2}.Debug|x86.ActiveCfg = Debug|Any CPU
		{BA58114F-A357-42ED-A987-B3A955A8D5F2}.Debug|x86.Build.0 = Debug|Any CPU
		{BA58114F-A357-42ED-A987-B3A955A8D5F2}.Release|Any CPU.ActiveCfg = Release|Any CPU
		{BA58114F-A357-42ED-A987-B3A955A8D5F2}.Release|Any CPU.Build.0 = Release|Any CPU
		{BA58114F-A357-42ED-A987-B3A955A8D5F2}.Release|x64.ActiveCfg = Release|Any CPU
		{BA58114F-A357-42ED-A987-B3A955A8D5F2}.Release|x64.Build.0 = Release|Any CPU
		{BA58114F-A357-42ED-A987-B3A955A8D5F2}.Release|x86.ActiveCfg = Release|Any CPU
		{BA58114F-A357-42ED-A987-B3A955A8D5F2}.Release|x86.Build.0 = Release|Any CPU
		{329067A8-651B-425D-878F-C368A5AF2610}.Debug|Any CPU.ActiveCfg = Debug|Any CPU
		{329067A8-651B-425D-878F-C368A5AF2610}.Debug|Any CPU.Build.0 = Debug|Any CPU
		{329067A8-651B-425D-878F-C368A5AF2610}.Debug|x64.ActiveCfg = Debug|Any CPU
		{329067A8-651B-425D-878F-C368A5AF2610}.Debug|x64.Build.0 = Debug|Any CPU
		{329067A8-651B-425D-878F-C368A5AF2610}.Debug|x86.ActiveCfg = Debug|Any CPU
		{329067A8-651B-425D-878F-C368A5AF2610}.Debug|x86.Build.0 = Debug|Any CPU
		{329067A8-651B-425D-878F-C368A5AF2610}.Release|Any CPU.ActiveCfg = Release|Any CPU
		{329067A8-651B-425D-878F-C368A5AF2610}.Release|Any CPU.Build.0 = Release|Any CPU
		{329067A8-651B-425D-878F-C368A5AF2610}.Release|x64.ActiveCfg = Release|Any CPU
		{329067A8-651B-425D-878F-C368A5AF2610}.Release|x64.Build.0 = Release|Any CPU
		{329067A8-651B-425D-878F-C368A5AF2610}.Release|x86.ActiveCfg = Release|Any CPU
		{329067A8-651B-425D-878F-C368A5AF2610}.Release|x86.Build.0 = Release|Any CPU
		{48C2E9EC-0DF1-41B1-900C-F1697A24D1EF}.Debug|Any CPU.ActiveCfg = Debug|Any CPU
		{48C2E9EC-0DF1-41B1-900C-F1697A24D1EF}.Debug|Any CPU.Build.0 = Debug|Any CPU
		{48C2E9EC-0DF1-41B1-900C-F1697A24D1EF}.Debug|x64.ActiveCfg = Debug|Any CPU
		{48C2E9EC-0DF1-41B1-900C-F1697A24D1EF}.Debug|x64.Build.0 = Debug|Any CPU
		{48C2E9EC-0DF1-41B1-900C-F1697A24D1EF}.Debug|x86.ActiveCfg = Debug|Any CPU
		{48C2E9EC-0DF1-41B1-900C-F1697A24D1EF}.Debug|x86.Build.0 = Debug|Any CPU
		{48C2E9EC-0DF1-41B1-900C-F1697A24D1EF}.Release|Any CPU.ActiveCfg = Release|Any CPU
		{48C2E9EC-0DF1-41B1-900C-F1697A24D1EF}.Release|Any CPU.Build.0 = Release|Any CPU
		{48C2E9EC-0DF1-41B1-900C-F1697A24D1EF}.Release|x64.ActiveCfg = Release|Any CPU
		{48C2E9EC-0DF1-41B1-900C-F1697A24D1EF}.Release|x64.Build.0 = Release|Any CPU
		{48C2E9EC-0DF1-41B1-900C-F1697A24D1EF}.Release|x86.ActiveCfg = Release|Any CPU
		{48C2E9EC-0DF1-41B1-900C-F1697A24D1EF}.Release|x86.Build.0 = Release|Any CPU
		{9F5223E2-37BF-432E-8BB1-E8BEAAF3497F}.Debug|Any CPU.ActiveCfg = Debug|Any CPU
		{9F5223E2-37BF-432E-8BB1-E8BEAAF3497F}.Debug|Any CPU.Build.0 = Debug|Any CPU
		{9F5223E2-37BF-432E-8BB1-E8BEAAF3497F}.Debug|x64.ActiveCfg = Debug|Any CPU
		{9F5223E2-37BF-432E-8BB1-E8BEAAF3497F}.Debug|x64.Build.0 = Debug|Any CPU
		{9F5223E2-37BF-432E-8BB1-E8BEAAF3497F}.Debug|x86.ActiveCfg = Debug|Any CPU
		{9F5223E2-37BF-432E-8BB1-E8BEAAF3497F}.Debug|x86.Build.0 = Debug|Any CPU
		{9F5223E2-37BF-432E-8BB1-E8BEAAF3497F}.Release|Any CPU.ActiveCfg = Release|Any CPU
		{9F5223E2-37BF-432E-8BB1-E8BEAAF3497F}.Release|Any CPU.Build.0 = Release|Any CPU
		{9F5223E2-37BF-432E-8BB1-E8BEAAF3497F}.Release|x64.ActiveCfg = Release|Any CPU
		{9F5223E2-37BF-432E-8BB1-E8BEAAF3497F}.Release|x64.Build.0 = Release|Any CPU
		{9F5223E2-37BF-432E-8BB1-E8BEAAF3497F}.Release|x86.ActiveCfg = Release|Any CPU
		{9F5223E2-37BF-432E-8BB1-E8BEAAF3497F}.Release|x86.Build.0 = Release|Any CPU
		{A24069EF-29BF-444C-A999-0B70256473BE}.Debug|Any CPU.ActiveCfg = Debug|Any CPU
		{A24069EF-29BF-444C-A999-0B70256473BE}.Debug|Any CPU.Build.0 = Debug|Any CPU
		{A24069EF-29BF-444C-A999-0B70256473BE}.Debug|x64.ActiveCfg = Debug|Any CPU
		{A24069EF-29BF-444C-A999-0B70256473BE}.Debug|x64.Build.0 = Debug|Any CPU
		{A24069EF-29BF-444C-A999-0B70256473BE}.Debug|x86.ActiveCfg = Debug|Any CPU
		{A24069EF-29BF-444C-A999-0B70256473BE}.Debug|x86.Build.0 = Debug|Any CPU
		{A24069EF-29BF-444C-A999-0B70256473BE}.Release|Any CPU.ActiveCfg = Release|Any CPU
		{A24069EF-29BF-444C-A999-0B70256473BE}.Release|Any CPU.Build.0 = Release|Any CPU
		{A24069EF-29BF-444C-A999-0B70256473BE}.Release|x64.ActiveCfg = Release|Any CPU
		{A24069EF-29BF-444C-A999-0B70256473BE}.Release|x64.Build.0 = Release|Any CPU
		{A24069EF-29BF-444C-A999-0B70256473BE}.Release|x86.ActiveCfg = Release|Any CPU
		{A24069EF-29BF-444C-A999-0B70256473BE}.Release|x86.Build.0 = Release|Any CPU
	EndGlobalSection
	GlobalSection(SolutionProperties) = preSolution
		HideSolutionNode = FALSE
	EndGlobalSection
	GlobalSection(NestedProjects) = preSolution
		{A1000001-0000-0000-0000-000000000002} = {A1000001-0000-0000-0000-000000000001}
		{A1000001-0000-0000-0000-000000000003} = {A1000001-0000-0000-0000-000000000002}
		{A1000001-0000-0000-0000-000000000004} = {A1000001-0000-0000-0000-000000000001}
		{A1000001-0000-0000-0000-000000000005} = {A1000001-0000-0000-0000-000000000001}
		{A1000001-0000-0000-0000-000000000007} = {A1000001-0000-0000-0000-000000000006}
		{A1000001-0000-0000-0000-000000000008} = {A1000001-0000-0000-0000-000000000006}
		{A1000001-0000-0000-0000-000000000009} = {A1000001-0000-0000-0000-000000000006}
		{26808D77-208A-4087-9B65-C859E01C0904} = {A1000001-0000-0000-0000-000000000002}
		{1F9BE20A-EB43-42CA-AADE-B5B39B6542B4} = {A1000001-0000-0000-0000-000000000003}
		{F25A5800-E252-4242-8677-5FE0A0C0C818} = {A1000001-0000-0000-0000-000000000003}
		{B3A1C9E4-5D2F-4A7B-9E31-2C7F8A0D6415} = {A1000001-0000-0000-0000-000000000003}
		{C4E7A1B2-3D5F-4E8A-9B62-1F0C8D7E5A34} = {A1000001-0000-0000-0000-000000000003}
		{A7007955-B67A-42CE-AAD0-B57EE78F05C8} = {A1000001-0000-0000-0000-000000000002}
		{FF3AE694-FD30-488D-B03E-FEBBD7CA5866} = {A1000001-0000-0000-0000-000000000002}
		{E5E9717A-1F1A-4B0C-B29E-8B1F58AF33E8} = {A1000001-0000-0000-0000-000000000002}
		{10652ED9-626B-476D-B175-D9379F1E6BD9} = {A1000001-0000-0000-0000-000000000002}
		{54E3874A-12D6-438E-8901-E9E9AD720A04} = {A1000001-0000-0000-0000-000000000002}
		{02D42315-311D-4090-85EE-9027597ECEF8} = {A1000001-0000-0000-0000-000000000002}
		{6A2C50CB-F9BB-465E-B665-28D1956A85BC} = {A1000001-0000-0000-0000-000000000004}
		{31B29DEC-9CB7-4DE3-9B36-B52193B88480} = {A1000001-0000-0000-0000-000000000004}
		{103633DA-0157-4B90-9F70-582A4F7759DF} = {A1000001-0000-0000-0000-000000000005}
		{A91898C1-D3B9-47E8-B7E2-5E9BE7A0777F} = {A1000001-0000-0000-0000-000000000005}
		{0102B585-5A5D-4952-BC4D-1D7B73B017D5} = {A1000001-0000-0000-0000-000000000005}
		{01BD1FEA-5D54-46DF-BD0C-A4D8207DFE0A} = {A1000001-0000-0000-0000-000000000005}
		{66C26B70-F489-4D1D-9A0B-ED137F51D851} = {A1000001-0000-0000-0000-000000000005}
		{DDF4C918-6311-4CF2-8F20-9219476C1C75} = {A1000001-0000-0000-0000-000000000005}
		{07A3B7FA-4130-4951-A2F7-BB604CD9F469} = {A1000001-0000-0000-0000-000000000005}
		{5B75E604-7E62-4062-8020-C991459CA91B} = {A1000001-0000-0000-0000-000000000005}
		{65377AFC-E113-400E-8C2F-ADE399737B76} = {A1000001-0000-0000-0000-000000000007}
		{D5F2B3C4-6E7A-4B8C-9D01-2E3F4A5B6C7D} = {A1000001-0000-0000-0000-000000000007}
		{76B13124-CB2C-4220-9CF8-6E3A1BED1151} = {A1000001-0000-0000-0000-000000000008}
		{BA58114F-A357-42ED-A987-B3A955A8D5F2} = {A1000001-0000-0000-0000-000000000008}
		{329067A8-651B-425D-878F-C368A5AF2610} = {A1000001-0000-0000-0000-000000000009}
		{48C2E9EC-0DF1-41B1-900C-F1697A24D1EF} = {07C2787E-EAC7-C090-1BA3-A61EC2A24D84}
		{9F5223E2-37BF-432E-8BB1-E8BEAAF3497F} = {07C2787E-EAC7-C090-1BA3-A61EC2A24D84}
		{A24069EF-29BF-444C-A999-0B70256473BE} = {07C2787E-EAC7-C090-1BA3-A61EC2A24D84}
	EndGlobalSection
	GlobalSection(ExtensibilityGlobals) = postSolution
		SolutionGuid = {D0000000-0000-0000-0000-000000000001}
	EndGlobalSection
EndGlobal
